schema: '2.0'
stages:
  processing:
    cmd: python src/processing.py data/census.csv
    deps:
    - path: data/census.csv
      md5: 145de00f6e6053d3f7044628f9a5b5ff
      size: 3974474
    - path: src/processing.py
      md5: 304296eca56ed79dda5d89136081eae8
      size: 1460
    params:
      params.yaml:
        processing.primary_data: data/cleaned_census.csv
        processing.raw_data: data/census.csv
    outs:
    - path: data/cleaned_census.csv
      md5: 828e9d5f21243c10e631a683d3f87d54
      size: 3551169
  segregation:
    cmd: python src/segregation.py
    deps:
    - path: data/cleaned_census.csv
      md5: 828e9d5f21243c10e631a683d3f87d54
      size: 3551169
    - path: src/segregation.py
      md5: afef4641c3c001c93b1cbcdf22cc8fd2
      size: 1797
    params:
      params.yaml:
        processing.primary_data: data/cleaned_census.csv
        segregation.random_state: 24
        segregation.test_data: data/test_data.csv
        segregation.test_size: 0.2
        segregation.train_data: data/train_data.csv
    outs:
    - path: data/test_data.csv
      md5: e39c99915f182ff8b4524567ee030c03
      size: 710749
    - path: data/train_data.csv
      md5: b24080f15b4d90855cfe7bba39391780
      size: 2840574
  train:
    cmd: python src/train.py
    deps:
    - path: data/train_data.csv
      md5: b24080f15b4d90855cfe7bba39391780
      size: 2840574
    - path: src/train.py
      md5: ceb12fdff54f40a6468984add80c149f
      size: 4748
    params:
      params.yaml:
        train.categorical_features:
        - workclass
        - education
        - marital-status
        - occupation
        - relationship
        - race
        - sex
        - native-country
        train.label: salary
        train.learning_rate: 0.1
        train.loss: log_loss
        train.max_depth: 10
        train.model: models/census_model_v1
        train.random_state: 24
    outs:
    - path: models/census_model_v1
      md5: d402466c07a73542f408f8e4935ad6d9
      size: 312368
